
Microsoft Visual Studio Solution File, Format Version 12.00
# Visual Studio Version 17
VisualStudioVersion = 17.14.36327.8
MinimumVisualStudioVersion = 10.0.40219.1
Project("{FAE04EC0-301F-11D3-BF4B-00C04F79EFBC}") = "WHToolkit", "WHToolkit\WHToolkit.csproj", "{737E7BCA-C471-CA14-DFF4-8192A87A6A94}"
EndProject
Project("{FAE04EC0-301F-11D3-BF4B-00C04F79EFBC}") = "sampleapp", "sampleapp\sampleapp.csproj", "{971FCDFB-DD6A-4F60-A070-5B6BD77179AE}"
EndProject
Global
	GlobalSection(SolutionConfigurationPlatforms) = preSolution
		Debug|Any CPU = Debug|Any CPU
		Release|Any CPU = Release|Any CPU
	EndGlobalSection
	GlobalSection(ProjectConfigurationPlatforms) = postSolution
		{737E7BCA-C471-CA14-DFF4-8192A87A6A94}.Debug|Any CPU.ActiveCfg = Debug|Any CPU
		{737E7BCA-C471-CA14-DFF4-8192A87A6A94}.Debug|Any CPU.Build.0 = Debug|Any CPU
		{737E7BCA-C471-CA14-DFF4-8192A87A6A94}.Release|Any CPU.ActiveCfg = Release|Any CPU
		{737E7BCA-C471-CA14-DFF4-8192A87A6A94}.Release|Any CPU.Build.0 = Release|Any CPU
		{971FCDFB-DD6A-4F60-A070-5B6BD77179AE}.Debug|Any CPU.ActiveCfg = Debug|Any CPU
		{971FCDFB-DD6A-4F60-A070-5B6BD77179AE}.Debug|Any CPU.Build.0 = Debug|Any CPU
		{971FCDFB-DD6A-4F60-A070-5B6BD77179AE}.Release|Any CPU.ActiveCfg = Release|Any CPU
		{971FCDFB-DD6A-4F60-A070-5B6BD77179AE}.Release|Any CPU.Build.0 = Release|Any CPU
	EndGlobalSection
	GlobalSection(SolutionProperties) = preSolution
		HideSolutionNode = FALSE
	EndGlobalSection
	GlobalSection(ExtensibilityGlobals) = postSolution
		SolutionGuid = {AFAD55AF-2FF3-4C84-8BFE-304ADA12A36E}
	EndGlobalSection
EndGlobal
